{
  "requires": true,
  "lockfileVersion": 1,
  "dependencies": {
    "primereact": {
      "version": "1.6.0",
      "resolved": "https://registry.npmjs.org/primereact/-/primereact-1.6.0.tgz",
      "integrity": "sha512-1GFXbp9pbDlnX9pLpq7EYK17O8je/pa2T0WJzmyT8oFfCR0eIDVk+8UDMxrxjdUSj7HQJ2VKzU6CPkJSbsSTJg=="
    }
  }
}
